
Microsoft Visual Studio Solution File, Format Version 12.00
# Visual Studio 2013
VisualStudioVersion = 12.0.31101.0
MinimumVisualStudioVersion = 10.0.40219.1
Project("{FAE04EC0-301F-11D3-BF4B-00C04F79EFBC}") = "MediaCaptureExtensions", "MediaCaptureExtensions\MediaCaptureExtensions.csproj", "{6063033C-73A1-4913-A84B-7F8799AA81D6}"
EndProject
Project("{FAE04EC0-301F-11D3-BF4B-00C04F79EFBC}") = "UnitTests.Windows", "UnitTests.Windows\UnitTests.Windows.csproj", "{2B50A40F-70A2-496B-B3A0-EC7B9C8F019E}"
EndProject
Project("{2150E333-8FDC-42A3-9474-1A3956D46DE8}") = "Mocks", "Mocks", "{D33841B3-9DE3-4577-B258-ADB5BB2CDBDD}"
EndProject
Project("{8BC9CEB8-8B4A-11D0-8D11-00A0C91BC942}") = "Mocks.Shared", "Mocks\Mocks.Shared\Mocks.Shared.vcxitems", "{5DC85551-E867-4239-ADAF-AA624C9645A1}"
EndProject
Project("{8BC9CEB8-8B4A-11D0-8D11-00A0C91BC942}") = "Mocks.Windows", "Mocks\Mocks.Windows\Mocks.Windows.vcxproj", "{E7A91FBA-C5AE-49B7-87CB-744F29ACEA0F}"
EndProject
Project("{8BC9CEB8-8B4A-11D0-8D11-00A0C91BC942}") = "Mocks.WindowsPhone", "Mocks\Mocks.WindowsPhone\Mocks.WindowsPhone.vcxproj", "{25E6F9C7-1F8F-47FF-ABD7-5F656E76E255}"
EndProject
Project("{2150E333-8FDC-42A3-9474-1A3956D46DE8}") = "CaptureTestApp", "CaptureTestApp", "{5368824F-A212-41D4-9DF7-3C58AA357BB4}"
EndProject
Project("{D954291E-2A0B-460D-934E-DC6B0785DB48}") = "CaptureTestApp.Shared", "CaptureTestApp\CaptureTestApp.Shared\CaptureTestApp.Shared.shproj", "{F93D1264-6A5C-437C-9F19-F7641E6ABFC9}"
EndProject
Project("{FAE04EC0-301F-11D3-BF4B-00C04F79EFBC}") = "CaptureTestApp.Windows", "CaptureTestApp\CaptureTestApp.Windows\CaptureTestApp.Windows.csproj", "{2A720951-0E5D-412C-803F-82AF3E20BAED}"
EndProject
Project("{FAE04EC0-301F-11D3-BF4B-00C04F79EFBC}") = "CaptureTestApp.WindowsPhone", "CaptureTestApp\CaptureTestApp.WindowsPhone\CaptureTestApp.WindowsPhone.csproj", "{EADB78CA-6DC2-44C1-BAD1-0A8F5EAA3929}"
EndProject
Project("{8BC9CEB8-8B4A-11D0-8D11-00A0C91BC942}") = "Package", "Package\Package.vcxproj", "{648D0C9A-D719-456C-BC06-9A4A81EEF7A5}"
EndProject
Global
	GlobalSection(SharedMSBuildProjectFiles) = preSolution
		CaptureTestApp\CaptureTestApp.Shared\CaptureTestApp.Shared.projitems*{eadb78ca-6dc2-44c1-bad1-0a8f5eaa3929}*SharedItemsImports = 4
		CaptureTestApp\CaptureTestApp.Shared\CaptureTestApp.Shared.projitems*{2a720951-0e5d-412c-803f-82af3e20baed}*SharedItemsImports = 4
		Mocks\Mocks.Shared\Mocks.Shared.vcxitems*{5dc85551-e867-4239-adaf-aa624c9645a1}*SharedItemsImports = 9
		Mocks\Mocks.Shared\Mocks.Shared.vcxitems*{e7a91fba-c5ae-49b7-87cb-744f29acea0f}*SharedItemsImports = 4
		CaptureTestApp\CaptureTestApp.Shared\CaptureTestApp.Shared.projitems*{f93d1264-6a5c-437c-9f19-f7641e6abfc9}*SharedItemsImports = 13
		Mocks\Mocks.Shared\Mocks.Shared.vcxitems*{25e6f9c7-1f8f-47ff-abd7-5f656e76e255}*SharedItemsImports = 4
	EndGlobalSection
	GlobalSection(SolutionConfigurationPlatforms) = preSolution
		Debug|ARM = Debug|ARM
		Debug|x64 = Debug|x64
		Debug|x86 = Debug|x86
		Release|ARM = Release|ARM
		Release|x64 = Release|x64
		Release|x86 = Release|x86
	EndGlobalSection
	GlobalSection(ProjectConfigurationPlatforms) = postSolution
		{6063033C-73A1-4913-A84B-7F8799AA81D6}.Debug|ARM.ActiveCfg = Debug|Any CPU
		{6063033C-73A1-4913-A84B-7F8799AA81D6}.Debug|ARM.Build.0 = Debug|Any CPU
		{6063033C-73A1-4913-A84B-7F8799AA81D6}.Debug|x64.ActiveCfg = Debug|Any CPU
		{6063033C-73A1-4913-A84B-7F8799AA81D6}.Debug|x64.Build.0 = Debug|Any CPU
		{6063033C-73A1-4913-A84B-7F8799AA81D6}.Debug|x86.ActiveCfg = Debug|Any CPU
		{6063033C-73A1-4913-A84B-7F8799AA81D6}.Debug|x86.Build.0 = Debug|Any CPU
		{6063033C-73A1-4913-A84B-7F8799AA81D6}.Release|ARM.ActiveCfg = Release|Any CPU
		{6063033C-73A1-4913-A84B-7F8799AA81D6}.Release|ARM.Build.0 = Release|Any CPU
		{6063033C-73A1-4913-A84B-7F8799AA81D6}.Release|x64.ActiveCfg = Release|Any CPU
		{6063033C-73A1-4913-A84B-7F8799AA81D6}.Release|x64.Build.0 = Release|Any CPU
		{6063033C-73A1-4913-A84B-7F8799AA81D6}.Release|x86.ActiveCfg = Release|Any CPU
		{6063033C-73A1-4913-A84B-7F8799AA81D6}.Release|x86.Build.0 = Release|Any CPU
		{2B50A40F-70A2-496B-B3A0-EC7B9C8F019E}.Debug|ARM.ActiveCfg = Debug|ARM
		{2B50A40F-70A2-496B-B3A0-EC7B9C8F019E}.Debug|ARM.Build.0 = Debug|ARM
		{2B50A40F-70A2-496B-B3A0-EC7B9C8F019E}.Debug|ARM.Deploy.0 = Debug|ARM
		{2B50A40F-70A2-496B-B3A0-EC7B9C8F019E}.Debug|x64.ActiveCfg = Debug|x64
		{2B50A40F-70A2-496B-B3A0-EC7B9C8F019E}.Debug|x64.Build.0 = Debug|x64
		{2B50A40F-70A2-496B-B3A0-EC7B9C8F019E}.Debug|x64.Deploy.0 = Debug|x64
		{2B50A40F-70A2-496B-B3A0-EC7B9C8F019E}.Debug|x86.ActiveCfg = Debug|x86
		{2B50A40F-70A2-496B-B3A0-EC7B9C8F019E}.Debug|x86.Build.0 = Debug|x86
		{2B50A40F-70A2-496B-B3A0-EC7B9C8F019E}.Debug|x86.Deploy.0 = Debug|x86
		{2B50A40F-70A2-496B-B3A0-EC7B9C8F019E}.Release|ARM.ActiveCfg = Release|ARM
		{2B50A40F-70A2-496B-B3A0-EC7B9C8F019E}.Release|ARM.Build.0 = Release|ARM
		{2B50A40F-70A2-496B-B3A0-EC7B9C8F019E}.Release|ARM.Deploy.0 = Release|ARM
		{2B50A40F-70A2-496B-B3A0-EC7B9C8F019E}.Release|x64.ActiveCfg = Release|x64
		{2B50A40F-70A2-496B-B3A0-EC7B9C8F019E}.Release|x64.Build.0 = Release|x64
		{2B50A40F-70A2-496B-B3A0-EC7B9C8F019E}.Release|x64.Deploy.0 = Release|x64
		{2B50A40F-70A2-496B-B3A0-EC7B9C8F019E}.Release|x86.ActiveCfg = Release|x86
		{2B50A40F-70A2-496B-B3A0-EC7B9C8F019E}.Release|x86.Build.0 = Release|x86
		{2B50A40F-70A2-496B-B3A0-EC7B9C8F019E}.Release|x86.Deploy.0 = Release|x86
		{E7A91FBA-C5AE-49B7-87CB-744F29ACEA0F}.Debug|ARM.ActiveCfg = Debug|ARM
		{E7A91FBA-C5AE-49B7-87CB-744F29ACEA0F}.Debug|ARM.Build.0 = Debug|ARM
		{E7A91FBA-C5AE-49B7-87CB-744F29ACEA0F}.Debug|x64.ActiveCfg = Debug|x64
		{E7A91FBA-C5AE-49B7-87CB-744F29ACEA0F}.Debug|x64.Build.0 = Debug|x64
		{E7A91FBA-C5AE-49B7-87CB-744F29ACEA0F}.Debug|x86.ActiveCfg = Debug|Win32
		{E7A91FBA-C5AE-49B7-87CB-744F29ACEA0F}.Debug|x86.Build.0 = Debug|Win32
		{E7A91FBA-C5AE-49B7-87CB-744F29ACEA0F}.Release|ARM.ActiveCfg = Release|ARM
		{E7A91FBA-C5AE-49B7-87CB-744F29ACEA0F}.Release|ARM.Build.0 = Release|ARM
		{E7A91FBA-C5AE-49B7-87CB-744F29ACEA0F}.Release|x64.ActiveCfg = Release|x64
		{E7A91FBA-C5AE-49B7-87CB-744F29ACEA0F}.Release|x64.Build.0 = Release|x64
		{E7A91FBA-C5AE-49B7-87CB-744F29ACEA0F}.Release|x86.ActiveCfg = Release|Win32
		{E7A91FBA-C5AE-49B7-87CB-744F29ACEA0F}.Release|x86.Build.0 = Release|Win32
		{25E6F9C7-1F8F-47FF-ABD7-5F656E76E255}.Debug|ARM.ActiveCfg = Debug|ARM
		{25E6F9C7-1F8F-47FF-ABD7-5F656E76E255}.Debug|ARM.Build.0 = Debug|ARM
		{25E6F9C7-1F8F-47FF-ABD7-5F656E76E255}.Debug|x64.ActiveCfg = Debug|Win32
		{25E6F9C7-1F8F-47FF-ABD7-5F656E76E255}.Debug|x86.ActiveCfg = Debug|Win32
		{25E6F9C7-1F8F-47FF-ABD7-5F656E76E255}.Debug|x86.Build.0 = Debug|Win32
		{25E6F9C7-1F8F-47FF-ABD7-5F656E76E255}.Release|ARM.ActiveCfg = Release|ARM
		{25E6F9C7-1F8F-47FF-ABD7-5F656E76E255}.Release|ARM.Build.0 = Release|ARM
		{25E6F9C7-1F8F-47FF-ABD7-5F656E76E255}.Release|x64.ActiveCfg = Release|Win32
		{25E6F9C7-1F8F-47FF-ABD7-5F656E76E255}.Release|x86.ActiveCfg = Release|Win32
		{25E6F9C7-1F8F-47FF-ABD7-5F656E76E255}.Release|x86.Build.0 = Release|Win32
		{2A720951-0E5D-412C-803F-82AF3E20BAED}.Debug|ARM.ActiveCfg = Debug|ARM
		{2A720951-0E5D-412C-803F-82AF3E20BAED}.Debug|ARM.Build.0 = Debug|ARM
		{2A720951-0E5D-412C-803F-82AF3E20BAED}.Debug|ARM.Deploy.0 = Debug|ARM
		{2A720951-0E5D-412C-803F-82AF3E20BAED}.Debug|x64.ActiveCfg = Debug|x64
		{2A720951-0E5D-412C-803F-82AF3E20BAED}.Debug|x64.Build.0 = Debug|x64
		{2A720951-0E5D-412C-803F-82AF3E20BAED}.Debug|x64.Deploy.0 = Debug|x64
		{2A720951-0E5D-412C-803F-82AF3E20BAED}.Debug|x86.ActiveCfg = Debug|x86
		{2A720951-0E5D-412C-803F-82AF3E20BAED}.Debug|x86.Build.0 = Debug|x86
		{2A720951-0E5D-412C-803F-82AF3E20BAED}.Debug|x86.Deploy.0 = Debug|x86
		{2A720951-0E5D-412C-803F-82AF3E20BAED}.Release|ARM.ActiveCfg = Release|ARM
		{2A720951-0E5D-412C-803F-82AF3E20BAED}.Release|ARM.Build.0 = Release|ARM
		{2A720951-0E5D-412C-803F-82AF3E20BAED}.Release|ARM.Deploy.0 = Release|ARM
		{2A720951-0E5D-412C-803F-82AF3E20BAED}.Release|x64.ActiveCfg = Release|x64
		{2A720951-0E5D-412C-803F-82AF3E20BAED}.Release|x64.Build.0 = Release|x64
		{2A720951-0E5D-412C-803F-82AF3E20BAED}.Release|x64.Deploy.0 = Release|x64
		{2A720951-0E5D-412C-803F-82AF3E20BAED}.Release|x86.ActiveCfg = Release|x86
		{2A720951-0E5D-412C-803F-82AF3E20BAED}.Release|x86.Build.0 = Release|x86
		{2A720951-0E5D-412C-803F-82AF3E20BAED}.Release|x86.Deploy.0 = Release|x86
		{EADB78CA-6DC2-44C1-BAD1-0A8F5EAA3929}.Debug|ARM.ActiveCfg = Debug|ARM
		{EADB78CA-6DC2-44C1-BAD1-0A8F5EAA3929}.Debug|ARM.Build.0 = Debug|ARM
		{EADB78CA-6DC2-44C1-BAD1-0A8F5EAA3929}.Debug|ARM.Deploy.0 = Debug|ARM
		{EADB78CA-6DC2-44C1-BAD1-0A8F5EAA3929}.Debug|x64.ActiveCfg = Debug|Any CPU
		{EADB78CA-6DC2-44C1-BAD1-0A8F5EAA3929}.Debug|x86.ActiveCfg = Debug|x86
		{EADB78CA-6DC2-44C1-BAD1-0A8F5EAA3929}.Debug|x86.Build.0 = Debug|x86
		{EADB78CA-6DC2-44C1-BAD1-0A8F5EAA3929}.Debug|x86.Deploy.0 = Debug|x86
		{EADB78CA-6DC2-44C1-BAD1-0A8F5EAA3929}.Release|ARM.ActiveCfg = Release|ARM
		{EADB78CA-6DC2-44C1-BAD1-0A8F5EAA3929}.Release|ARM.Build.0 = Release|ARM
		{EADB78CA-6DC2-44C1-BAD1-0A8F5EAA3929}.Release|ARM.Deploy.0 = Release|ARM
		{EADB78CA-6DC2-44C1-BAD1-0A8F5EAA3929}.Release|x64.ActiveCfg = Release|Any CPU
		{EADB78CA-6DC2-44C1-BAD1-0A8F5EAA3929}.Release|x86.ActiveCfg = Release|x86
		{EADB78CA-6DC2-44C1-BAD1-0A8F5EAA3929}.Release|x86.Build.0 = Release|x86
		{EADB78CA-6DC2-44C1-BAD1-0A8F5EAA3929}.Release|x86.Deploy.0 = Release|x86
		{648D0C9A-D719-456C-BC06-9A4A81EEF7A5}.Debug|ARM.ActiveCfg = Debug|Win32
		{648D0C9A-D719-456C-BC06-9A4A81EEF7A5}.Debug|x64.ActiveCfg = Debug|Win32
		{648D0C9A-D719-456C-BC06-9A4A81EEF7A5}.Debug|x86.ActiveCfg = Debug|Win32
		{648D0C9A-D719-456C-BC06-9A4A81EEF7A5}.Release|ARM.ActiveCfg = Release|Win32
		{648D0C9A-D719-456C-BC06-9A4A81EEF7A5}.Release|x64.ActiveCfg = Release|Win32
		{648D0C9A-D719-456C-BC06-9A4A81EEF7A5}.Release|x86.ActiveCfg = Release|Win32
		{648D0C9A-D719-456C-BC06-9A4A81EEF7A5}.Release|x86.Build.0 = Release|Win32
	EndGlobalSection
	GlobalSection(SolutionProperties) = preSolution
		HideSolutionNode = FALSE
	EndGlobalSection
	GlobalSection(NestedProjects) = preSolution
		{5DC85551-E867-4239-ADAF-AA624C9645A1} = {D33841B3-9DE3-4577-B258-ADB5BB2CDBDD}
		{E7A91FBA-C5AE-49B7-87CB-744F29ACEA0F} = {D33841B3-9DE3-4577-B258-ADB5BB2CDBDD}
		{25E6F9C7-1F8F-47FF-ABD7-5F656E76E255} = {D33841B3-9DE3-4577-B258-ADB5BB2CDBDD}
		{F93D1264-6A5C-437C-9F19-F7641E6ABFC9} = {5368824F-A212-41D4-9DF7-3C58AA357BB4}
		{2A720951-0E5D-412C-803F-82AF3E20BAED} = {5368824F-A212-41D4-9DF7-3C58AA357BB4}
		{EADB78CA-6DC2-44C1-BAD1-0A8F5EAA3929} = {5368824F-A212-41D4-9DF7-3C58AA357BB4}
	EndGlobalSection
EndGlobal
